// !$*UTF8*$!
{
	archiveVersion = 1;
	classes = {
	};
	objectVersion = 56;
	objects = {

/* Begin PBXBuildFile section */
		C113281C2991073A0069FFA4 /* Images.swift in Sources */ = {isa = PBXBuildFile; fileRef = C113281B2991073A0069FFA4 /* Images.swift */; };
		C113281E29910ABE0069FFA4 /* UIViewController+.swift in Sources */ = {isa = PBXBuildFile; fileRef = C113281D29910ABE0069FFA4 /* UIViewController+.swift */; };
		C113282229910E4B0069FFA4 /* PhotoListCollectionViewCell.swift in Sources */ = {isa = PBXBuildFile; fileRef = C113282129910E4B0069FFA4 /* PhotoListCollectionViewCell.swift */; };
		C113282429910F1C0069FFA4 /* BaseCollectionViewCell.swift in Sources */ = {isa = PBXBuildFile; fileRef = C113282329910F1C0069FFA4 /* BaseCollectionViewCell.swift */; };
		C1132826299110ED0069FFA4 /* PhotoImageView.swift in Sources */ = {isa = PBXBuildFile; fileRef = C1132825299110ED0069FFA4 /* PhotoImageView.swift */; };
		C11328282991115E0069FFA4 /* ImageViewType.swift in Sources */ = {isa = PBXBuildFile; fileRef = C11328272991115E0069FFA4 /* ImageViewType.swift */; };
		C113282B2991146D0069FFA4 /* PhotoListViewController.swift in Sources */ = {isa = PBXBuildFile; fileRef = C113282A2991146D0069FFA4 /* PhotoListViewController.swift */; };
		C113282E299118BD0069FFA4 /* PhotoListViewModel.swift in Sources */ = {isa = PBXBuildFile; fileRef = C113282D299118BD0069FFA4 /* PhotoListViewModel.swift */; };
		C113283129911F7A0069FFA4 /* PhotoListDataModel.swift in Sources */ = {isa = PBXBuildFile; fileRef = C113283029911F7A0069FFA4 /* PhotoListDataModel.swift */; };
		C159E90B298F827200D777C3 /* AppDelegate.swift in Sources */ = {isa = PBXBuildFile; fileRef = C159E90A298F827200D777C3 /* AppDelegate.swift */; };
		C159E90D298F827200D777C3 /* SceneDelegate.swift in Sources */ = {isa = PBXBuildFile; fileRef = C159E90C298F827200D777C3 /* SceneDelegate.swift */; };
		C159E914298F827300D777C3 /* Assets.xcassets in Resources */ = {isa = PBXBuildFile; fileRef = C159E913298F827300D777C3 /* Assets.xcassets */; };
		C159E917298F827300D777C3 /* LaunchScreen.storyboard in Resources */ = {isa = PBXBuildFile; fileRef = C159E915298F827300D777C3 /* LaunchScreen.storyboard */; };
		C159E928298FD85800D777C3 /* SnapKit in Frameworks */ = {isa = PBXBuildFile; productRef = C159E927298FD85800D777C3 /* SnapKit */; };
		C159E92B298FDD2000D777C3 /* AlbumListViewController.swift in Sources */ = {isa = PBXBuildFile; fileRef = C159E92A298FDD2000D777C3 /* AlbumListViewController.swift */; };
		C159E92D298FF35500D777C3 /* AlbumListTableViewCell.swift in Sources */ = {isa = PBXBuildFile; fileRef = C159E92C298FF35500D777C3 /* AlbumListTableViewCell.swift */; };
		C159E93229900A2700D777C3 /* Colors.swift in Sources */ = {isa = PBXBuildFile; fileRef = C159E93129900A2700D777C3 /* Colors.swift */; };
		C159E93C2990BE0800D777C3 /* BaseTableViewCell.swift in Sources */ = {isa = PBXBuildFile; fileRef = C159E93B2990BE0800D777C3 /* BaseTableViewCell.swift */; };
		C159E93E2990BE3E00D777C3 /* BaseViewController.swift in Sources */ = {isa = PBXBuildFile; fileRef = C159E93D2990BE3E00D777C3 /* BaseViewController.swift */; };
		C159E9432990BFCB00D777C3 /* ReusableProtocol.swift in Sources */ = {isa = PBXBuildFile; fileRef = C159E9422990BFCB00D777C3 /* ReusableProtocol.swift */; };
		C159E9472990C03600D777C3 /* AlbumListLabel.swift in Sources */ = {isa = PBXBuildFile; fileRef = C159E9462990C03600D777C3 /* AlbumListLabel.swift */; };
		C159E94A2990C68800D777C3 /* AlbumListViewModel.swift in Sources */ = {isa = PBXBuildFile; fileRef = C159E9492990C68800D777C3 /* AlbumListViewModel.swift */; };
		C159E9502990D5EB00D777C3 /* AlbumListDataModel.swift in Sources */ = {isa = PBXBuildFile; fileRef = C159E94F2990D5EB00D777C3 /* AlbumListDataModel.swift */; };
		C159E9522990DFF400D777C3 /* TextCase.swift in Sources */ = {isa = PBXBuildFile; fileRef = C159E9512990DFF400D777C3 /* TextCase.swift */; };
		C159E9542990E5A300D777C3 /* Section.swift in Sources */ = {isa = PBXBuildFile; fileRef = C159E9532990E5A300D777C3 /* Section.swift */; };
		C159E9582990F0E600D777C3 /* PHAsset+.swift in Sources */ = {isa = PBXBuildFile; fileRef = C159E9572990F0E600D777C3 /* PHAsset+.swift */; };
		C1A8896729916C48001D986D /* LaunchViewController.swift in Sources */ = {isa = PBXBuildFile; fileRef = C1A8896629916C48001D986D /* LaunchViewController.swift */; };
/* End PBXBuildFile section */

/* Begin PBXFileReference section */
		C113281B2991073A0069FFA4 /* Images.swift */ = {isa = PBXFileReference; lastKnownFileType = sourcecode.swift; path = Images.swift; sourceTree = "<group>"; };
		C113281D29910ABE0069FFA4 /* UIViewController+.swift */ = {isa = PBXFileReference; lastKnownFileType = sourcecode.swift; path = "UIViewController+.swift"; sourceTree = "<group>"; };
		C113282129910E4B0069FFA4 /* PhotoListCollectionViewCell.swift */ = {isa = PBXFileReference; lastKnownFileType = sourcecode.swift; path = PhotoListCollectionViewCell.swift; sourceTree = "<group>"; };
		C113282329910F1C0069FFA4 /* BaseCollectionViewCell.swift */ = {isa = PBXFileReference; lastKnownFileType = sourcecode.swift; path = BaseCollectionViewCell.swift; sourceTree = "<group>"; };
		C1132825299110ED0069FFA4 /* PhotoImageView.swift */ = {isa = PBXFileReference; lastKnownFileType = sourcecode.swift; path = PhotoImageView.swift; sourceTree = "<group>"; };
		C11328272991115E0069FFA4 /* ImageViewType.swift */ = {isa = PBXFileReference; lastKnownFileType = sourcecode.swift; path = ImageViewType.swift; sourceTree = "<group>"; };
		C113282A2991146D0069FFA4 /* PhotoListViewController.swift */ = {isa = PBXFileReference; lastKnownFileType = sourcecode.swift; path = PhotoListViewController.swift; sourceTree = "<group>"; };
		C113282D299118BD0069FFA4 /* PhotoListViewModel.swift */ = {isa = PBXFileReference; lastKnownFileType = sourcecode.swift; path = PhotoListViewModel.swift; sourceTree = "<group>"; };
		C113283029911F7A0069FFA4 /* PhotoListDataModel.swift */ = {isa = PBXFileReference; lastKnownFileType = sourcecode.swift; path = PhotoListDataModel.swift; sourceTree = "<group>"; };
		C159E907298F827200D777C3 /* PhotoAlbum.app */ = {isa = PBXFileReference; explicitFileType = wrapper.application; includeInIndex = 0; path = PhotoAlbum.app; sourceTree = BUILT_PRODUCTS_DIR; };
		C159E90A298F827200D777C3 /* AppDelegate.swift */ = {isa = PBXFileReference; lastKnownFileType = sourcecode.swift; path = AppDelegate.swift; sourceTree = "<group>"; };
		C159E90C298F827200D777C3 /* SceneDelegate.swift */ = {isa = PBXFileReference; lastKnownFileType = sourcecode.swift; path = SceneDelegate.swift; sourceTree = "<group>"; };
		C159E913298F827300D777C3 /* Assets.xcassets */ = {isa = PBXFileReference; lastKnownFileType = folder.assetcatalog; path = Assets.xcassets; sourceTree = "<group>"; };
		C159E916298F827300D777C3 /* Base */ = {isa = PBXFileReference; lastKnownFileType = file.storyboard; name = Base; path = Base.lproj/LaunchScreen.storyboard; sourceTree = "<group>"; };
		C159E918298F827300D777C3 /* Info.plist */ = {isa = PBXFileReference; lastKnownFileType = text.plist.xml; path = Info.plist; sourceTree = "<group>"; };
		C159E92A298FDD2000D777C3 /* AlbumListViewController.swift */ = {isa = PBXFileReference; lastKnownFileType = sourcecode.swift; path = AlbumListViewController.swift; sourceTree = "<group>"; };
		C159E92C298FF35500D777C3 /* AlbumListTableViewCell.swift */ = {isa = PBXFileReference; lastKnownFileType = sourcecode.swift; path = AlbumListTableViewCell.swift; sourceTree = "<group>"; };
		C159E93129900A2700D777C3 /* Colors.swift */ = {isa = PBXFileReference; lastKnownFileType = sourcecode.swift; path = Colors.swift; sourceTree = "<group>"; };
		C159E93B2990BE0800D777C3 /* BaseTableViewCell.swift */ = {isa = PBXFileReference; lastKnownFileType = sourcecode.swift; path = BaseTableViewCell.swift; sourceTree = "<group>"; };
		C159E93D2990BE3E00D777C3 /* BaseViewController.swift */ = {isa = PBXFileReference; lastKnownFileType = sourcecode.swift; path = BaseViewController.swift; sourceTree = "<group>"; };
		C159E9422990BFCB00D777C3 /* ReusableProtocol.swift */ = {isa = PBXFileReference; lastKnownFileType = sourcecode.swift; path = ReusableProtocol.swift; sourceTree = "<group>"; };
		C159E9462990C03600D777C3 /* AlbumListLabel.swift */ = {isa = PBXFileReference; lastKnownFileType = sourcecode.swift; path = AlbumListLabel.swift; sourceTree = "<group>"; };
		C159E9492990C68800D777C3 /* AlbumListViewModel.swift */ = {isa = PBXFileReference; lastKnownFileType = sourcecode.swift; path = AlbumListViewModel.swift; sourceTree = "<group>"; };
		C159E94F2990D5EB00D777C3 /* AlbumListDataModel.swift */ = {isa = PBXFileReference; lastKnownFileType = sourcecode.swift; path = AlbumListDataModel.swift; sourceTree = "<group>"; };
		C159E9512990DFF400D777C3 /* TextCase.swift */ = {isa = PBXFileReference; lastKnownFileType = sourcecode.swift; path = TextCase.swift; sourceTree = "<group>"; };
		C159E9532990E5A300D777C3 /* Section.swift */ = {isa = PBXFileReference; lastKnownFileType = sourcecode.swift; path = Section.swift; sourceTree = "<group>"; };
		C159E9572990F0E600D777C3 /* PHAsset+.swift */ = {isa = PBXFileReference; lastKnownFileType = sourcecode.swift; path = "PHAsset+.swift"; sourceTree = "<group>"; };
		C1A8896629916C48001D986D /* LaunchViewController.swift */ = {isa = PBXFileReference; lastKnownFileType = sourcecode.swift; path = LaunchViewController.swift; sourceTree = "<group>"; };
/* End PBXFileReference section */

/* Begin PBXFrameworksBuildPhase section */
		C159E904298F827200D777C3 /* Frameworks */ = {
			isa = PBXFrameworksBuildPhase;
			buildActionMask = 2147483647;
			files = (
				C159E928298FD85800D777C3 /* SnapKit in Frameworks */,
			);
			runOnlyForDeploymentPostprocessing = 0;
		};
/* End PBXFrameworksBuildPhase section */

/* Begin PBXGroup section */
		C113281A2991071F0069FFA4 /* Image */ = {
			isa = PBXGroup;
			children = (
				C113281B2991073A0069FFA4 /* Images.swift */,
			);
			path = Image;
			sourceTree = "<group>";
		};
		C113281F29910D980069FFA4 /* PhotoList */ = {
			isa = PBXGroup;
			children = (
				C113282F29911F6A0069FFA4 /* Model */,
				C113282C299118AD0069FFA4 /* ViewModel */,
				C1132829299114520069FFA4 /* ViewController */,
				C113282029910E380069FFA4 /* Cell */,
			);
			path = PhotoList;
			sourceTree = "<group>";
		};
		C113282029910E380069FFA4 /* Cell */ = {
			isa = PBXGroup;
			children = (
				C113282129910E4B0069FFA4 /* PhotoListCollectionViewCell.swift */,
			);
			path = Cell;
			sourceTree = "<group>";
		};
		C1132829299114520069FFA4 /* ViewController */ = {
			isa = PBXGroup;
			children = (
				C113282A2991146D0069FFA4 /* PhotoListViewController.swift */,
			);
			path = ViewController;
			sourceTree = "<group>";
		};
		C113282C299118AD0069FFA4 /* ViewModel */ = {
			isa = PBXGroup;
			children = (
				C113282D299118BD0069FFA4 /* PhotoListViewModel.swift */,
			);
			path = ViewModel;
			sourceTree = "<group>";
		};
		C113282F29911F6A0069FFA4 /* Model */ = {
			isa = PBXGroup;
			children = (
				C113283029911F7A0069FFA4 /* PhotoListDataModel.swift */,
			);
			path = Model;
			sourceTree = "<group>";
		};
		C159E8FE298F827200D777C3 = {
			isa = PBXGroup;
			children = (
				C159E909298F827200D777C3 /* PhotoAlbum */,
				C159E908298F827200D777C3 /* Products */,
			);
			sourceTree = "<group>";
		};
		C159E908298F827200D777C3 /* Products */ = {
			isa = PBXGroup;
			children = (
				C159E907298F827200D777C3 /* PhotoAlbum.app */,
			);
			name = Products;
			sourceTree = "<group>";
		};
		C159E909298F827200D777C3 /* PhotoAlbum */ = {
			isa = PBXGroup;
			children = (
				C159E90A298F827200D777C3 /* AppDelegate.swift */,
				C159E90C298F827200D777C3 /* SceneDelegate.swift */,
				C159E918298F827300D777C3 /* Info.plist */,
				C159E91E298FA35400D777C3 /* Resource */,
				C159E93329900A6E00D777C3 /* Utility */,
				C159E91F298FA35F00D777C3 /* Scene */,
			);
			path = PhotoAlbum;
			sourceTree = "<group>";
		};
		C159E91E298FA35400D777C3 /* Resource */ = {
			isa = PBXGroup;
			children = (
				C113281A2991071F0069FFA4 /* Image */,
				C159E930298FFD2000D777C3 /* Color */,
				C159E920298FA4FC00D777C3 /* Asset */,
				C159E921298FA51700D777C3 /* Storyboard */,
			);
			path = Resource;
			sourceTree = "<group>";
		};
		C159E91F298FA35F00D777C3 /* Scene */ = {
			isa = PBXGroup;
			children = (
				C1A8896429916BF3001D986D /* Splash */,
				C159E929298FDC4300D777C3 /* AlbumList */,
				C113281F29910D980069FFA4 /* PhotoList */,
			);
			path = Scene;
			sourceTree = "<group>";
		};
		C159E920298FA4FC00D777C3 /* Asset */ = {
			isa = PBXGroup;
			children = (
				C159E913298F827300D777C3 /* Assets.xcassets */,
			);
			path = Asset;
			sourceTree = "<group>";
		};
		C159E921298FA51700D777C3 /* Storyboard */ = {
			isa = PBXGroup;
			children = (
				C159E915298F827300D777C3 /* LaunchScreen.storyboard */,
			);
			path = Storyboard;
			sourceTree = "<group>";
		};
		C159E929298FDC4300D777C3 /* AlbumList */ = {
			isa = PBXGroup;
			children = (
				C159E94E2990D5DE00D777C3 /* Model */,
				C159E9482990C67700D777C3 /* ViewModel */,
				C159E92E298FF36300D777C3 /* ViewController */,
				C159E92F298FF36F00D777C3 /* Cell */,
			);
			path = AlbumList;
			sourceTree = "<group>";
		};
		C159E92E298FF36300D777C3 /* ViewController */ = {
			isa = PBXGroup;
			children = (
				C159E92A298FDD2000D777C3 /* AlbumListViewController.swift */,
			);
			path = ViewController;
			sourceTree = "<group>";
		};
		C159E92F298FF36F00D777C3 /* Cell */ = {
			isa = PBXGroup;
			children = (
				C159E92C298FF35500D777C3 /* AlbumListTableViewCell.swift */,
			);
			path = Cell;
			sourceTree = "<group>";
		};
		C159E930298FFD2000D777C3 /* Color */ = {
			isa = PBXGroup;
			children = (
				C159E93129900A2700D777C3 /* Colors.swift */,
			);
			path = Color;
			sourceTree = "<group>";
		};
		C159E93329900A6E00D777C3 /* Utility */ = {
			isa = PBXGroup;
			children = (
				C159E9352990BD9200D777C3 /* Component */,
				C159E93F2990BF5E00D777C3 /* Extension */,
				C159E9412990BF7400D777C3 /* Protocol */,
				C159E9402990BF6E00D777C3 /* Enum */,
			);
			path = Utility;
			sourceTree = "<group>";
		};
		C159E9352990BD9200D777C3 /* Component */ = {
			isa = PBXGroup;
			children = (
				C159E9362990BDAB00D777C3 /* Base */,
				C159E9372990BDB000D777C3 /* Custom */,
			);
			path = Component;
			sourceTree = "<group>";
		};
		C159E9362990BDAB00D777C3 /* Base */ = {
			isa = PBXGroup;
			children = (
				C159E93A2990BDEB00D777C3 /* ViewController */,
				C159E9392990BDE500D777C3 /* Cell */,
			);
			path = Base;
			sourceTree = "<group>";
		};
		C159E9372990BDB000D777C3 /* Custom */ = {
			isa = PBXGroup;
			children = (
				C159E9462990C03600D777C3 /* AlbumListLabel.swift */,
				C1132825299110ED0069FFA4 /* PhotoImageView.swift */,
			);
			path = Custom;
			sourceTree = "<group>";
		};
		C159E9392990BDE500D777C3 /* Cell */ = {
			isa = PBXGroup;
			children = (
				C113282329910F1C0069FFA4 /* BaseCollectionViewCell.swift */,
				C159E93B2990BE0800D777C3 /* BaseTableViewCell.swift */,
			);
			path = Cell;
			sourceTree = "<group>";
		};
		C159E93A2990BDEB00D777C3 /* ViewController */ = {
			isa = PBXGroup;
			children = (
				C159E93D2990BE3E00D777C3 /* BaseViewController.swift */,
			);
			path = ViewController;
			sourceTree = "<group>";
		};
		C159E93F2990BF5E00D777C3 /* Extension */ = {
			isa = PBXGroup;
			children = (
				C113281D29910ABE0069FFA4 /* UIViewController+.swift */,
				C159E9572990F0E600D777C3 /* PHAsset+.swift */,
			);
			path = Extension;
			sourceTree = "<group>";
		};
		C159E9402990BF6E00D777C3 /* Enum */ = {
			isa = PBXGroup;
			children = (
				C159E9512990DFF400D777C3 /* TextCase.swift */,
				C159E9532990E5A300D777C3 /* Section.swift */,
				C11328272991115E0069FFA4 /* ImageViewType.swift */,
			);
			path = Enum;
			sourceTree = "<group>";
		};
		C159E9412990BF7400D777C3 /* Protocol */ = {
			isa = PBXGroup;
			children = (
				C159E9422990BFCB00D777C3 /* ReusableProtocol.swift */,
			);
			path = Protocol;
			sourceTree = "<group>";
		};
		C159E9482990C67700D777C3 /* ViewModel */ = {
			isa = PBXGroup;
			children = (
				C159E9492990C68800D777C3 /* AlbumListViewModel.swift */,
			);
			path = ViewModel;
			sourceTree = "<group>";
		};
		C159E94E2990D5DE00D777C3 /* Model */ = {
			isa = PBXGroup;
			children = (
				C159E94F2990D5EB00D777C3 /* AlbumListDataModel.swift */,
			);
			path = Model;
			sourceTree = "<group>";
		};
		C1A8896429916BF3001D986D /* Splash */ = {
			isa = PBXGroup;
			children = (
				C1A8896529916C39001D986D /* ViewController */,
			);
			path = Splash;
			sourceTree = "<group>";
		};
		C1A8896529916C39001D986D /* ViewController */ = {
			isa = PBXGroup;
			children = (
				C1A8896629916C48001D986D /* LaunchViewController.swift */,
			);
			path = ViewController;
			sourceTree = "<group>";
		};
/* End PBXGroup section */

/* Begin PBXNativeTarget section */
		C159E906298F827200D777C3 /* PhotoAlbum */ = {
			isa = PBXNativeTarget;
			buildConfigurationList = C159E91B298F827300D777C3 /* Build configuration list for PBXNativeTarget "PhotoAlbum" */;
			buildPhases = (
				C159E903298F827200D777C3 /* Sources */,
				C159E904298F827200D777C3 /* Frameworks */,
				C159E905298F827200D777C3 /* Resources */,
			);
			buildRules = (
			);
			dependencies = (
			);
			name = PhotoAlbum;
			packageProductDependencies = (
				C159E927298FD85800D777C3 /* SnapKit */,
			);
			productName = PhotoAlbum;
			productReference = C159E907298F827200D777C3 /* PhotoAlbum.app */;
			productType = "com.apple.product-type.application";
		};
/* End PBXNativeTarget section */

/* Begin PBXProject section */
		C159E8FF298F827200D777C3 /* Project object */ = {
			isa = PBXProject;
			attributes = {
				BuildIndependentTargetsInParallel = 1;
				LastSwiftUpdateCheck = 1420;
				LastUpgradeCheck = 1420;
				TargetAttributes = {
					C159E906298F827200D777C3 = {
						CreatedOnToolsVersion = 14.2;
					};
				};
			};
			buildConfigurationList = C159E902298F827200D777C3 /* Build configuration list for PBXProject "PhotoAlbum" */;
			compatibilityVersion = "Xcode 14.0";
			developmentRegion = en;
			hasScannedForEncodings = 0;
			knownRegions = (
				en,
				Base,
			);
			mainGroup = C159E8FE298F827200D777C3;
			packageReferences = (
				C159E926298FD85800D777C3 /* XCRemoteSwiftPackageReference "SnapKit" */,
			);
			productRefGroup = C159E908298F827200D777C3 /* Products */;
			projectDirPath = "";
			projectRoot = "";
			targets = (
				C159E906298F827200D777C3 /* PhotoAlbum */,
			);
		};
/* End PBXProject section */

/* Begin PBXResourcesBuildPhase section */
		C159E905298F827200D777C3 /* Resources */ = {
			isa = PBXResourcesBuildPhase;
			buildActionMask = 2147483647;
			files = (
				C159E917298F827300D777C3 /* LaunchScreen.storyboard in Resources */,
				C159E914298F827300D777C3 /* Assets.xcassets in Resources */,
			);
			runOnlyForDeploymentPostprocessing = 0;
		};
/* End PBXResourcesBuildPhase section */

/* Begin PBXSourcesBuildPhase section */
		C159E903298F827200D777C3 /* Sources */ = {
			isa = PBXSourcesBuildPhase;
			buildActionMask = 2147483647;
			files = (
				C159E92B298FDD2000D777C3 /* AlbumListViewController.swift in Sources */,
				C159E93229900A2700D777C3 /* Colors.swift in Sources */,
				C11328282991115E0069FFA4 /* ImageViewType.swift in Sources */,
				C113282E299118BD0069FFA4 /* PhotoListViewModel.swift in Sources */,
				C159E9522990DFF400D777C3 /* TextCase.swift in Sources */,
				C159E90B298F827200D777C3 /* AppDelegate.swift in Sources */,
				C159E93C2990BE0800D777C3 /* BaseTableViewCell.swift in Sources */,
				C1A8896729916C48001D986D /* LaunchViewController.swift in Sources */,
				C159E94A2990C68800D777C3 /* AlbumListViewModel.swift in Sources */,
				C159E93E2990BE3E00D777C3 /* BaseViewController.swift in Sources */,
				C113281C2991073A0069FFA4 /* Images.swift in Sources */,
				C113282229910E4B0069FFA4 /* PhotoListCollectionViewCell.swift in Sources */,
				C159E9542990E5A300D777C3 /* Section.swift in Sources */,
				C113282B2991146D0069FFA4 /* PhotoListViewController.swift in Sources */,
				C1132826299110ED0069FFA4 /* PhotoImageView.swift in Sources */,
				C159E9472990C03600D777C3 /* AlbumListLabel.swift in Sources */,
				C113282429910F1C0069FFA4 /* BaseCollectionViewCell.swift in Sources */,
				C113281E29910ABE0069FFA4 /* UIViewController+.swift in Sources */,
				C159E90D298F827200D777C3 /* SceneDelegate.swift in Sources */,
				C159E9582990F0E600D777C3 /* PHAsset+.swift in Sources */,
				C159E92D298FF35500D777C3 /* AlbumListTableViewCell.swift in Sources */,
				C113283129911F7A0069FFA4 /* PhotoListDataModel.swift in Sources */,
				C159E9502990D5EB00D777C3 /* AlbumListDataModel.swift in Sources */,
				C159E9432990BFCB00D777C3 /* ReusableProtocol.swift in Sources */,
			);
			runOnlyForDeploymentPostprocessing = 0;
		};
/* End PBXSourcesBuildPhase section */

/* Begin PBXVariantGroup section */
		C159E915298F827300D777C3 /* LaunchScreen.storyboard */ = {
			isa = PBXVariantGroup;
			children = (
				C159E916298F827300D777C3 /* Base */,
			);
			name = LaunchScreen.storyboard;
			sourceTree = "<group>";
		};
/* End PBXVariantGroup section */

/* Begin XCBuildConfiguration section */
		C159E919298F827300D777C3 /* Debug */ = {
			isa = XCBuildConfiguration;
			buildSettings = {
				ALWAYS_SEARCH_USER_PATHS = NO;
				CLANG_ANALYZER_NONNULL = YES;
				CLANG_ANALYZER_NUMBER_OBJECT_CONVERSION = YES_AGGRESSIVE;
				CLANG_CXX_LANGUAGE_STANDARD = "gnu++20";
				CLANG_ENABLE_MODULES = YES;
				CLANG_ENABLE_OBJC_ARC = YES;
				CLANG_ENABLE_OBJC_WEAK = YES;
				CLANG_WARN_BLOCK_CAPTURE_AUTORELEASING = YES;
				CLANG_WARN_BOOL_CONVERSION = YES;
				CLANG_WARN_COMMA = YES;
				CLANG_WARN_CONSTANT_CONVERSION = YES;
				CLANG_WARN_DEPRECATED_OBJC_IMPLEMENTATIONS = YES;
				CLANG_WARN_DIRECT_OBJC_ISA_USAGE = YES_ERROR;
				CLANG_WARN_DOCUMENTATION_COMMENTS = YES;
				CLANG_WARN_EMPTY_BODY = YES;
				CLANG_WARN_ENUM_CONVERSION = YES;
				CLANG_WARN_INFINITE_RECURSION = YES;
				CLANG_WARN_INT_CONVERSION = YES;
				CLANG_WARN_NON_LITERAL_NULL_CONVERSION = YES;
				CLANG_WARN_OBJC_IMPLICIT_RETAIN_SELF = YES;
				CLANG_WARN_OBJC_LITERAL_CONVERSION = YES;
				CLANG_WARN_OBJC_ROOT_CLASS = YES_ERROR;
				CLANG_WARN_QUOTED_INCLUDE_IN_FRAMEWORK_HEADER = YES;
				CLANG_WARN_RANGE_LOOP_ANALYSIS = YES;
				CLANG_WARN_STRICT_PROTOTYPES = YES;
				CLANG_WARN_SUSPICIOUS_MOVE = YES;
				CLANG_WARN_UNGUARDED_AVAILABILITY = YES_AGGRESSIVE;
				CLANG_WARN_UNREACHABLE_CODE = YES;
				CLANG_WARN__DUPLICATE_METHOD_MATCH = YES;
				COPY_PHASE_STRIP = NO;
				DEBUG_INFORMATION_FORMAT = dwarf;
				ENABLE_STRICT_OBJC_MSGSEND = YES;
				ENABLE_TESTABILITY = YES;
				GCC_C_LANGUAGE_STANDARD = gnu11;
				GCC_DYNAMIC_NO_PIC = NO;
				GCC_NO_COMMON_BLOCKS = YES;
				GCC_OPTIMIZATION_LEVEL = 0;
				GCC_PREPROCESSOR_DEFINITIONS = (
					"DEBUG=1",
					"$(inherited)",
				);
				GCC_WARN_64_TO_32_BIT_CONVERSION = YES;
				GCC_WARN_ABOUT_RETURN_TYPE = YES_ERROR;
				GCC_WARN_UNDECLARED_SELECTOR = YES;
				GCC_WARN_UNINITIALIZED_AUTOS = YES_AGGRESSIVE;
				GCC_WARN_UNUSED_FUNCTION = YES;
				GCC_WARN_UNUSED_VARIABLE = YES;
				IPHONEOS_DEPLOYMENT_TARGET = 16.2;
				MTL_ENABLE_DEBUG_INFO = INCLUDE_SOURCE;
				MTL_FAST_MATH = YES;
				ONLY_ACTIVE_ARCH = YES;
				SDKROOT = iphoneos;
				SWIFT_ACTIVE_COMPILATION_CONDITIONS = DEBUG;
				SWIFT_OPTIMIZATION_LEVEL = "-Onone";
			};
			name = Debug;
		};
		C159E91A298F827300D777C3 /* Release */ = {
			isa = XCBuildConfiguration;
			buildSettings = {
				ALWAYS_SEARCH_USER_PATHS = NO;
				CLANG_ANALYZER_NONNULL = YES;
				CLANG_ANALYZER_NUMBER_OBJECT_CONVERSION = YES_AGGRESSIVE;
				CLANG_CXX_LANGUAGE_STANDARD = "gnu++20";
				CLANG_ENABLE_MODULES = YES;
				CLANG_ENABLE_OBJC_ARC = YES;
				CLANG_ENABLE_OBJC_WEAK = YES;
				CLANG_WARN_BLOCK_CAPTURE_AUTORELEASING = YES;
				CLANG_WARN_BOOL_CONVERSION = YES;
				CLANG_WARN_COMMA = YES;
				CLANG_WARN_CONSTANT_CONVERSION = YES;
				CLANG_WARN_DEPRECATED_OBJC_IMPLEMENTATIONS = YES;
				CLANG_WARN_DIRECT_OBJC_ISA_USAGE = YES_ERROR;
				CLANG_WARN_DOCUMENTATION_COMMENTS = YES;
				CLANG_WARN_EMPTY_BODY = YES;
				CLANG_WARN_ENUM_CONVERSION = YES;
				CLANG_WARN_INFINITE_RECURSION = YES;
				CLANG_WARN_INT_CONVERSION = YES;
				CLANG_WARN_NON_LITERAL_NULL_CONVERSION = YES;
				CLANG_WARN_OBJC_IMPLICIT_RETAIN_SELF = YES;
				CLANG_WARN_OBJC_LITERAL_CONVERSION = YES;
				CLANG_WARN_OBJC_ROOT_CLASS = YES_ERROR;
				CLANG_WARN_QUOTED_INCLUDE_IN_FRAMEWORK_HEADER = YES;
				CLANG_WARN_RANGE_LOOP_ANALYSIS = YES;
				CLANG_WARN_STRICT_PROTOTYPES = YES;
				CLANG_WARN_SUSPICIOUS_MOVE = YES;
				CLANG_WARN_UNGUARDED_AVAILABILITY = YES_AGGRESSIVE;
				CLANG_WARN_UNREACHABLE_CODE = YES;
				CLANG_WARN__DUPLICATE_METHOD_MATCH = YES;
				COPY_PHASE_STRIP = NO;
				DEBUG_INFORMATION_FORMAT = "dwarf-with-dsym";
				ENABLE_NS_ASSERTIONS = NO;
				ENABLE_STRICT_OBJC_MSGSEND = YES;
				GCC_C_LANGUAGE_STANDARD = gnu11;
				GCC_NO_COMMON_BLOCKS = YES;
				GCC_WARN_64_TO_32_BIT_CONVERSION = YES;
				GCC_WARN_ABOUT_RETURN_TYPE = YES_ERROR;
				GCC_WARN_UNDECLARED_SELECTOR = YES;
				GCC_WARN_UNINITIALIZED_AUTOS = YES_AGGRESSIVE;
				GCC_WARN_UNUSED_FUNCTION = YES;
				GCC_WARN_UNUSED_VARIABLE = YES;
				IPHONEOS_DEPLOYMENT_TARGET = 16.2;
				MTL_ENABLE_DEBUG_INFO = NO;
				MTL_FAST_MATH = YES;
				SDKROOT = iphoneos;
				SWIFT_COMPILATION_MODE = wholemodule;
				SWIFT_OPTIMIZATION_LEVEL = "-O";
				VALIDATE_PRODUCT = YES;
			};
			name = Release;
		};
		C159E91C298F827300D777C3 /* Debug */ = {
			isa = XCBuildConfiguration;
			buildSettings = {
				ASSETCATALOG_COMPILER_APPICON_NAME = AppIcon;
				ASSETCATALOG_COMPILER_GLOBAL_ACCENT_COLOR_NAME = AccentColor;
				CODE_SIGN_STYLE = Automatic;
				CURRENT_PROJECT_VERSION = 1;
				DEVELOPMENT_TEAM = 54R3763M9G;
				GENERATE_INFOPLIST_FILE = YES;
				INFOPLIST_FILE = PhotoAlbum/Info.plist;
				INFOPLIST_KEY_UIApplicationSupportsIndirectInputEvents = YES;
				INFOPLIST_KEY_UILaunchStoryboardName = LaunchScreen;
				INFOPLIST_KEY_UISupportedInterfaceOrientations = UIInterfaceOrientationPortrait;
				INFOPLIST_KEY_UISupportedInterfaceOrientations_iPad = UIInterfaceOrientationPortrait;
				IPHONEOS_DEPLOYMENT_TARGET = 15.0;
				LD_RUNPATH_SEARCH_PATHS = (
					"$(inherited)",
					"@executable_path/Frameworks",
				);
				MARKETING_VERSION = 1.0;
				PRODUCT_BUNDLE_IDENTIFIER = com.skylerLee.PhotoAlbum;
				PRODUCT_NAME = "$(TARGET_NAME)";
				SUPPORTED_PLATFORMS = "iphoneos iphonesimulator";
				SUPPORTS_MACCATALYST = NO;
				SUPPORTS_MAC_DESIGNED_FOR_IPHONE_IPAD = NO;
				SWIFT_EMIT_LOC_STRINGS = YES;
				SWIFT_VERSION = 5.0;
				TARGETED_DEVICE_FAMILY = 1;
			};
			name = Debug;
		};
		C159E91D298F827300D777C3 /* Release */ = {
			isa = XCBuildConfiguration;
			buildSettings = {
				ASSETCATALOG_COMPILER_APPICON_NAME = AppIcon;
				ASSETCATALOG_COMPILER_GLOBAL_ACCENT_COLOR_NAME = AccentColor;
				CODE_SIGN_STYLE = Automatic;
				CURRENT_PROJECT_VERSION = 1;
				DEVELOPMENT_TEAM = 54R3763M9G;
				GENERATE_INFOPLIST_FILE = YES;
				INFOPLIST_FILE = PhotoAlbum/Info.plist;
				INFOPLIST_KEY_UIApplicationSupportsIndirectInputEvents = YES;
				INFOPLIST_KEY_UILaunchStoryboardName = LaunchScreen;
				INFOPLIST_KEY_UISupportedInterfaceOrientations = UIInterfaceOrientationPortrait;
				INFOPLIST_KEY_UISupportedInterfaceOrientations_iPad = UIInterfaceOrientationPortrait;
				IPHONEOS_DEPLOYMENT_TARGET = 15.0;
				LD_RUNPATH_SEARCH_PATHS = (
					"$(inherited)",
					"@executable_path/Frameworks",
				);
				MARKETING_VERSION = 1.0;
				PRODUCT_BUNDLE_IDENTIFIER = com.skylerLee.PhotoAlbum;
				PRODUCT_NAME = "$(TARGET_NAME)";
				SUPPORTED_PLATFORMS = "iphoneos iphonesimulator";
				SUPPORTS_MACCATALYST = NO;
				SUPPORTS_MAC_DESIGNED_FOR_IPHONE_IPAD = NO;
				SWIFT_EMIT_LOC_STRINGS = YES;
				SWIFT_VERSION = 5.0;
				TARGETED_DEVICE_FAMILY = 1;
			};
			name = Release;
		};
/* End XCBuildConfiguration section */

/* Begin XCConfigurationList section */
		C159E902298F827200D777C3 /* Build configuration list for PBXProject "PhotoAlbum" */ = {
			isa = XCConfigurationList;
			buildConfigurations = (
				C159E919298F827300D777C3 /* Debug */,
				C159E91A298F827300D777C3 /* Release */,
			);
			defaultConfigurationIsVisible = 0;
			defaultConfigurationName = Release;
		};
		C159E91B298F827300D777C3 /* Build configuration list for PBXNativeTarget "PhotoAlbum" */ = {
			isa = XCConfigurationList;
			buildConfigurations = (
				C159E91C298F827300D777C3 /* Debug */,
				C159E91D298F827300D777C3 /* Release */,
			);
			defaultConfigurationIsVisible = 0;
			defaultConfigurationName = Release;
		};
/* End XCConfigurationList section */

/* Begin XCRemoteSwiftPackageReference section */
		C159E926298FD85800D777C3 /* XCRemoteSwiftPackageReference "SnapKit" */ = {
			isa = XCRemoteSwiftPackageReference;
			repositoryURL = "https://github.com/SnapKit/SnapKit.git";
			requirement = {
				kind = upToNextMajorVersion;
				minimumVersion = 5.0.0;
			};
		};
/* End XCRemoteSwiftPackageReference section */

/* Begin XCSwiftPackageProductDependency section */
		C159E927298FD85800D777C3 /* SnapKit */ = {
			isa = XCSwiftPackageProductDependency;
			package = C159E926298FD85800D777C3 /* XCRemoteSwiftPackageReference "SnapKit" */;
			productName = SnapKit;
		};
/* End XCSwiftPackageProductDependency section */
	};
	rootObject = C159E8FF298F827200D777C3 /* Project object */;
}
